
Microsoft Visual Studio Solution File, Format Version 12.00
Project("{FAE04EC0-301F-11D3-BF4B-00C04F79EFBC}") = "Kata", "src\Kata\Kata.csproj", "{F649A545-FC7A-494E-A554-5A88B2062921}"
EndProject
Project("{FAE04EC0-301F-11D3-BF4B-00C04F79EFBC}") = "KataTest", "test\KataTest\KataTest.csproj", "{511BED23-01CC-4AD1-B7F8-44769EA71785}"
EndProject
Global
	GlobalSection(SolutionConfigurationPlatforms) = preSolution
		Debug|Any CPU = Debug|Any CPU
		Release|Any CPU = Release|Any CPU
	EndGlobalSection
	GlobalSection(ProjectConfigurationPlatforms) = postSolution
		{F649A545-FC7A-494E-A554-5A88B2062921}.Debug|Any CPU.ActiveCfg = Debug|Any CPU
		{F649A545-FC7A-494E-A554-5A88B2062921}.Debug|Any CPU.Build.0 = Debug|Any CPU
		{F649A545-FC7A-494E-A554-5A88B2062921}.Release|Any CPU.ActiveCfg = Release|Any CPU
		{F649A545-FC7A-494E-A554-5A88B2062921}.Release|Any CPU.Build.0 = Release|Any CPU
		{511BED23-01CC-4AD1-B7F8-44769EA71785}.Debug|Any CPU.ActiveCfg = Debug|Any CPU
		{511BED23-01CC-4AD1-B7F8-44769EA71785}.Debug|Any CPU.Build.0 = Debug|Any CPU
		{511BED23-01CC-4AD1-B7F8-44769EA71785}.Release|Any CPU.ActiveCfg = Release|Any CPU
		{511BED23-01CC-4AD1-B7F8-44769EA71785}.Release|Any CPU.Build.0 = Release|Any CPU
	EndGlobalSection
EndGlobal
